
Microsoft Visual Studio Solution File, Format Version 12.00
# Visual Studio Version 16
VisualStudioVersion = 16.0.30320.27
MinimumVisualStudioVersion = 10.0.40219.1
Project("{FAE04EC0-301F-11D3-BF4B-00C04F79EFBC}") = "NoteTaker", "NoteTaker\NoteTaker.csproj", "{2BD69DAC-55AF-4D47-9089-B883C8F09503}"
EndProject
Global
	GlobalSection(SolutionConfigurationPlatforms) = preSolution
		Debug|Any CPU = Debug|Any CPU
		Release|Any CPU = Release|Any CPU
	EndGlobalSection
	GlobalSection(ProjectConfigurationPlatforms) = postSolution
		{2BD69DAC-55AF-4D47-9089-B883C8F09503}.Debug|Any CPU.ActiveCfg = Debug|Any CPU
		{2BD69DAC-55AF-4D47-9089-B883C8F09503}.Debug|Any CPU.Build.0 = Debug|Any CPU
		{2BD69DAC-55AF-4D47-9089-B883C8F09503}.Release|Any CPU.ActiveCfg = Release|Any CPU
		{2BD69DAC-55AF-4D47-9089-B883C8F09503}.Release|Any CPU.Build.0 = Release|Any CPU
	EndGlobalSection
	GlobalSection(SolutionProperties) = preSolution
		HideSolutionNode = FALSE
	EndGlobalSection
	GlobalSection(ExtensibilityGlobals) = postSolution
		SolutionGuid = {69BE5DED-9C5D-4D4C-8F90-60D3C68B2C22}
	EndGlobalSection
EndGlobal
